// !$*UTF8*$!
{
	archiveVersion = 1;
	classes = {
	};
	objectVersion = 50;
	objects = {

/* Begin PBXBuildFile section */
		260E2A04223682EA0002E4AD /* UserAccountsVC.swift in Sources */ = {isa = PBXBuildFile; fileRef = 260E2A03223682EA0002E4AD /* UserAccountsVC.swift */; };
		262FB0B52255B13E00D3EE3A /* EditAccountDetailsModal.swift in Sources */ = {isa = PBXBuildFile; fileRef = 262FB0B32255B13E00D3EE3A /* EditAccountDetailsModal.swift */; };
		262FB0B62255B13E00D3EE3A /* EditAccountDetailsModal.xib in Resources */ = {isa = PBXBuildFile; fileRef = 262FB0B42255B13E00D3EE3A /* EditAccountDetailsModal.xib */; };
		263B109B223EBDB8008C7DB7 /* AccountCell.swift in Sources */ = {isa = PBXBuildFile; fileRef = 263B109A223EBDB8008C7DB7 /* AccountCell.swift */; };
		2641D9D2225AA87400486683 /* EditDetailsViewController.swift in Sources */ = {isa = PBXBuildFile; fileRef = 2641D9D1225AA87400486683 /* EditDetailsViewController.swift */; };
		264AB41A22329DC0006A0CAB /* AppDelegate.swift in Sources */ = {isa = PBXBuildFile; fileRef = 264AB41922329DC0006A0CAB /* AppDelegate.swift */; };
		264AB41F22329DC0006A0CAB /* Main.storyboard in Resources */ = {isa = PBXBuildFile; fileRef = 264AB41D22329DC0006A0CAB /* Main.storyboard */; };
		264AB42422329DC1006A0CAB /* LaunchScreen.storyboard in Resources */ = {isa = PBXBuildFile; fileRef = 264AB42222329DC1006A0CAB /* LaunchScreen.storyboard */; };
		264AB42C22329E36006A0CAB /* GoogleService-Info.plist in Resources */ = {isa = PBXBuildFile; fileRef = 264AB42B22329E36006A0CAB /* GoogleService-Info.plist */; };
		264AE82F223CA50400573D3C /* AddAccountVC.swift in Sources */ = {isa = PBXBuildFile; fileRef = 264AE82D223CA50400573D3C /* AddAccountVC.swift */; };
		264AE830223CA50400573D3C /* AddAccountVC.xib in Resources */ = {isa = PBXBuildFile; fileRef = 264AE82E223CA50400573D3C /* AddAccountVC.xib */; };
		266937CD2237218A0012B13F /* Constants.swift in Sources */ = {isa = PBXBuildFile; fileRef = 266937CC2237218A0012B13F /* Constants.swift */; };
		266BD25B223B14D90008D44D /* SignUpViewController.swift in Sources */ = {isa = PBXBuildFile; fileRef = 266BD25A223B14D90008D44D /* SignUpViewController.swift */; };
		2671042E2234198F00BC83CC /* ModalView.swift in Sources */ = {isa = PBXBuildFile; fileRef = 2671042D2234198F00BC83CC /* ModalView.swift */; };
		2671043022345E7400BC83CC /* UserAccount.swift in Sources */ = {isa = PBXBuildFile; fileRef = 2671042F22345E7400BC83CC /* UserAccount.swift */; };
		268118AD2249C6C400754B81 /* Images.xcassets in Resources */ = {isa = PBXBuildFile; fileRef = 268118AC2249C6C400754B81 /* Images.xcassets */; };
		26828E86225065E0003C6FA6 /* AccountDetailsCell.swift in Sources */ = {isa = PBXBuildFile; fileRef = 26828E85225065E0003C6FA6 /* AccountDetailsCell.swift */; };
		268B3D132249BC3E00FCB9FE /* ResetPasswordModal.swift in Sources */ = {isa = PBXBuildFile; fileRef = 268B3D112249BC3E00FCB9FE /* ResetPasswordModal.swift */; };
		268B3D142249BC3E00FCB9FE /* ResetPasswordModal.xib in Resources */ = {isa = PBXBuildFile; fileRef = 268B3D122249BC3E00FCB9FE /* ResetPasswordModal.xib */; };
		269179A02233509000208CD8 /* LoginVC.swift in Sources */ = {isa = PBXBuildFile; fileRef = 2691799F2233509000208CD8 /* LoginVC.swift */; };
		269179A52233545F00208CD8 /* RoundedBlueBtn.swift in Sources */ = {isa = PBXBuildFile; fileRef = 269179A42233545F00208CD8 /* RoundedBlueBtn.swift */; };
		26FF7AAE224D94AD0081A1B4 /* AccountDetailsVC.swift in Sources */ = {isa = PBXBuildFile; fileRef = 26FF7AAD224D94AD0081A1B4 /* AccountDetailsVC.swift */; };
		A6D86BE0F684CE2D2A2A83DF /* Pods_Keys.framework in Frameworks */ = {isa = PBXBuildFile; fileRef = F38EF186F6741BAD266D40C8 /* Pods_Keys.framework */; };
/* End PBXBuildFile section */

/* Begin PBXFileReference section */
		131C3A8F72AC4063E02A0265 /* Pods-Keys.release.xcconfig */ = {isa = PBXFileReference; includeInIndex = 1; lastKnownFileType = text.xcconfig; name = "Pods-Keys.release.xcconfig"; path = "Pods/Target Support Files/Pods-Keys/Pods-Keys.release.xcconfig"; sourceTree = "<group>"; };
		260E2A03223682EA0002E4AD /* UserAccountsVC.swift */ = {isa = PBXFileReference; lastKnownFileType = sourcecode.swift; path = UserAccountsVC.swift; sourceTree = "<group>"; };
		262FB0B32255B13E00D3EE3A /* EditAccountDetailsModal.swift */ = {isa = PBXFileReference; lastKnownFileType = sourcecode.swift; path = EditAccountDetailsModal.swift; sourceTree = "<group>"; };
		262FB0B42255B13E00D3EE3A /* EditAccountDetailsModal.xib */ = {isa = PBXFileReference; lastKnownFileType = file.xib; name = EditAccountDetailsModal.xib; path = ../Controller/EditAccountDetailsModal.xib; sourceTree = "<group>"; };
		263B109A223EBDB8008C7DB7 /* AccountCell.swift */ = {isa = PBXFileReference; lastKnownFileType = sourcecode.swift; path = AccountCell.swift; sourceTree = "<group>"; };
		2641D9D1225AA87400486683 /* EditDetailsViewController.swift */ = {isa = PBXFileReference; lastKnownFileType = sourcecode.swift; path = EditDetailsViewController.swift; sourceTree = "<group>"; };
		264AB41622329DC0006A0CAB /* Keys.app */ = {isa = PBXFileReference; explicitFileType = wrapper.application; includeInIndex = 0; path = Keys.app; sourceTree = BUILT_PRODUCTS_DIR; };
		264AB41922329DC0006A0CAB /* AppDelegate.swift */ = {isa = PBXFileReference; lastKnownFileType = sourcecode.swift; path = AppDelegate.swift; sourceTree = "<group>"; };
		264AB41E22329DC0006A0CAB /* Base */ = {isa = PBXFileReference; lastKnownFileType = file.storyboard; name = Base; path = Base.lproj/Main.storyboard; sourceTree = "<group>"; };
		264AB42322329DC1006A0CAB /* Base */ = {isa = PBXFileReference; lastKnownFileType = file.storyboard; name = Base; path = Base.lproj/LaunchScreen.storyboard; sourceTree = "<group>"; };
		264AB42522329DC1006A0CAB /* Info.plist */ = {isa = PBXFileReference; lastKnownFileType = text.plist.xml; path = Info.plist; sourceTree = "<group>"; };
		264AB42B22329E36006A0CAB /* GoogleService-Info.plist */ = {isa = PBXFileReference; fileEncoding = 4; lastKnownFileType = text.plist.xml; path = "GoogleService-Info.plist"; sourceTree = "<group>"; };
		264AE82D223CA50400573D3C /* AddAccountVC.swift */ = {isa = PBXFileReference; lastKnownFileType = sourcecode.swift; path = AddAccountVC.swift; sourceTree = "<group>"; };
		264AE82E223CA50400573D3C /* AddAccountVC.xib */ = {isa = PBXFileReference; lastKnownFileType = file.xib; path = AddAccountVC.xib; sourceTree = "<group>"; };
		266937CC2237218A0012B13F /* Constants.swift */ = {isa = PBXFileReference; lastKnownFileType = sourcecode.swift; path = Constants.swift; sourceTree = "<group>"; };
		266BD25A223B14D90008D44D /* SignUpViewController.swift */ = {isa = PBXFileReference; lastKnownFileType = sourcecode.swift; path = SignUpViewController.swift; sourceTree = "<group>"; };
		2671042D2234198F00BC83CC /* ModalView.swift */ = {isa = PBXFileReference; lastKnownFileType = sourcecode.swift; path = ModalView.swift; sourceTree = "<group>"; };
		2671042F22345E7400BC83CC /* UserAccount.swift */ = {isa = PBXFileReference; lastKnownFileType = sourcecode.swift; path = UserAccount.swift; sourceTree = "<group>"; };
		26710431223464D800BC83CC /* Keys.entitlements */ = {isa = PBXFileReference; lastKnownFileType = text.plist.entitlements; path = Keys.entitlements; sourceTree = "<group>"; };
		268118AC2249C6C400754B81 /* Images.xcassets */ = {isa = PBXFileReference; lastKnownFileType = folder.assetcatalog; path = Images.xcassets; sourceTree = "<group>"; };
		26828E85225065E0003C6FA6 /* AccountDetailsCell.swift */ = {isa = PBXFileReference; lastKnownFileType = sourcecode.swift; path = AccountDetailsCell.swift; sourceTree = "<group>"; };
		268B3D112249BC3E00FCB9FE /* ResetPasswordModal.swift */ = {isa = PBXFileReference; lastKnownFileType = sourcecode.swift; path = ResetPasswordModal.swift; sourceTree = "<group>"; };
		268B3D122249BC3E00FCB9FE /* ResetPasswordModal.xib */ = {isa = PBXFileReference; lastKnownFileType = file.xib; path = ResetPasswordModal.xib; sourceTree = "<group>"; };
		2691799F2233509000208CD8 /* LoginVC.swift */ = {isa = PBXFileReference; lastKnownFileType = sourcecode.swift; path = LoginVC.swift; sourceTree = "<group>"; };
		269179A42233545F00208CD8 /* RoundedBlueBtn.swift */ = {isa = PBXFileReference; lastKnownFileType = sourcecode.swift; path = RoundedBlueBtn.swift; sourceTree = "<group>"; };
		26FF7AAD224D94AD0081A1B4 /* AccountDetailsVC.swift */ = {isa = PBXFileReference; lastKnownFileType = sourcecode.swift; path = AccountDetailsVC.swift; sourceTree = "<group>"; };
		A97DAF24D038D71967E8B8E3 /* Pods-Keys.debug.xcconfig */ = {isa = PBXFileReference; includeInIndex = 1; lastKnownFileType = text.xcconfig; name = "Pods-Keys.debug.xcconfig"; path = "Pods/Target Support Files/Pods-Keys/Pods-Keys.debug.xcconfig"; sourceTree = "<group>"; };
		F38EF186F6741BAD266D40C8 /* Pods_Keys.framework */ = {isa = PBXFileReference; explicitFileType = wrapper.framework; includeInIndex = 0; path = Pods_Keys.framework; sourceTree = BUILT_PRODUCTS_DIR; };
/* End PBXFileReference section */

/* Begin PBXFrameworksBuildPhase section */
		264AB41322329DC0006A0CAB /* Frameworks */ = {
			isa = PBXFrameworksBuildPhase;
			buildActionMask = 2147483647;
			files = (
				A6D86BE0F684CE2D2A2A83DF /* Pods_Keys.framework in Frameworks */,
			);
			runOnlyForDeploymentPostprocessing = 0;
		};
/* End PBXFrameworksBuildPhase section */

/* Begin PBXGroup section */
		264AB40D22329DC0006A0CAB = {
			isa = PBXGroup;
			children = (
				268118AC2249C6C400754B81 /* Images.xcassets */,
				264AB41822329DC0006A0CAB /* Keys */,
				264AB41722329DC0006A0CAB /* Products */,
				DEA9ED807CCD81323CDD8C14 /* Pods */,
				A74E4CEC4859AFE6A7C2C9EF /* Frameworks */,
			);
			sourceTree = "<group>";
		};
		264AB41722329DC0006A0CAB /* Products */ = {
			isa = PBXGroup;
			children = (
				264AB41622329DC0006A0CAB /* Keys.app */,
			);
			name = Products;
			sourceTree = "<group>";
		};
		264AB41822329DC0006A0CAB /* Keys */ = {
			isa = PBXGroup;
			children = (
				266937C9223721660012B13F /* Resources */,
				26710431223464D800BC83CC /* Keys.entitlements */,
				2671042C223371CC00BC83CC /* XIBs */,
				269179A12233541800208CD8 /* Model */,
				269179A22233542700208CD8 /* View */,
				26ECFF7322329F4200BC43AD /* Controller */,
				264AB41922329DC0006A0CAB /* AppDelegate.swift */,
				264AB41D22329DC0006A0CAB /* Main.storyboard */,
				264AB42222329DC1006A0CAB /* LaunchScreen.storyboard */,
				264AB42522329DC1006A0CAB /* Info.plist */,
				264AB42B22329E36006A0CAB /* GoogleService-Info.plist */,
			);
			path = Keys;
			sourceTree = "<group>";
		};
		266937C9223721660012B13F /* Resources */ = {
			isa = PBXGroup;
			children = (
				266937CC2237218A0012B13F /* Constants.swift */,
			);
			path = Resources;
			sourceTree = "<group>";
		};
		2671042C223371CC00BC83CC /* XIBs */ = {
			isa = PBXGroup;
			children = (
				264AE82E223CA50400573D3C /* AddAccountVC.xib */,
				268B3D122249BC3E00FCB9FE /* ResetPasswordModal.xib */,
				262FB0B42255B13E00D3EE3A /* EditAccountDetailsModal.xib */,
			);
			path = XIBs;
			sourceTree = "<group>";
		};
		269179A12233541800208CD8 /* Model */ = {
			isa = PBXGroup;
			children = (
				2671042F22345E7400BC83CC /* UserAccount.swift */,
			);
			path = Model;
			sourceTree = "<group>";
		};
		269179A22233542700208CD8 /* View */ = {
			isa = PBXGroup;
			children = (
				2671042D2234198F00BC83CC /* ModalView.swift */,
				269179A42233545F00208CD8 /* RoundedBlueBtn.swift */,
				263B109A223EBDB8008C7DB7 /* AccountCell.swift */,
				26828E85225065E0003C6FA6 /* AccountDetailsCell.swift */,
			);
			path = View;
			sourceTree = "<group>";
		};
		26ECFF7322329F4200BC43AD /* Controller */ = {
			isa = PBXGroup;
			children = (
				26FF7AAD224D94AD0081A1B4 /* AccountDetailsVC.swift */,
				264AE82D223CA50400573D3C /* AddAccountVC.swift */,
				262FB0B32255B13E00D3EE3A /* EditAccountDetailsModal.swift */,
				2691799F2233509000208CD8 /* LoginVC.swift */,
				268B3D112249BC3E00FCB9FE /* ResetPasswordModal.swift */,
				266BD25A223B14D90008D44D /* SignUpViewController.swift */,
				260E2A03223682EA0002E4AD /* UserAccountsVC.swift */,
				2641D9D1225AA87400486683 /* EditDetailsViewController.swift */,
			);
			path = Controller;
			sourceTree = "<group>";
		};
		A74E4CEC4859AFE6A7C2C9EF /* Frameworks */ = {
			isa = PBXGroup;
			children = (
				F38EF186F6741BAD266D40C8 /* Pods_Keys.framework */,
			);
			name = Frameworks;
			sourceTree = "<group>";
		};
		DEA9ED807CCD81323CDD8C14 /* Pods */ = {
			isa = PBXGroup;
			children = (
				A97DAF24D038D71967E8B8E3 /* Pods-Keys.debug.xcconfig */,
				131C3A8F72AC4063E02A0265 /* Pods-Keys.release.xcconfig */,
			);
			name = Pods;
			sourceTree = "<group>";
		};
/* End PBXGroup section */

/* Begin PBXNativeTarget section */
		264AB41522329DC0006A0CAB /* Keys */ = {
			isa = PBXNativeTarget;
			buildConfigurationList = 264AB42822329DC1006A0CAB /* Build configuration list for PBXNativeTarget "Keys" */;
			buildPhases = (
				5B5CAB4D29F68451364A0ED3 /* [CP] Check Pods Manifest.lock */,
				264AB41222329DC0006A0CAB /* Sources */,
				264AB41322329DC0006A0CAB /* Frameworks */,
				264AB41422329DC0006A0CAB /* Resources */,
				9EE421985E74A2453C1573B8 /* [CP] Embed Pods Frameworks */,
			);
			buildRules = (
			);
			dependencies = (
			);
			name = Keys;
			productName = Keys;
			productReference = 264AB41622329DC0006A0CAB /* Keys.app */;
			productType = "com.apple.product-type.application";
		};
/* End PBXNativeTarget section */

/* Begin PBXProject section */
		264AB40E22329DC0006A0CAB /* Project object */ = {
			isa = PBXProject;
			attributes = {
				LastSwiftUpdateCheck = 1010;
				LastUpgradeCheck = 1010;
				ORGANIZATIONNAME = "Andrew Lundy";
				TargetAttributes = {
					264AB41522329DC0006A0CAB = {
						CreatedOnToolsVersion = 10.1;
						SystemCapabilities = {
							com.apple.Keychain = {
								enabled = 1;
							};
						};
					};
				};
			};
			buildConfigurationList = 264AB41122329DC0006A0CAB /* Build configuration list for PBXProject "Keys" */;
			compatibilityVersion = "Xcode 9.3";
			developmentRegion = en;
			hasScannedForEncodings = 0;
			knownRegions = (
				en,
				Base,
			);
			mainGroup = 264AB40D22329DC0006A0CAB;
			productRefGroup = 264AB41722329DC0006A0CAB /* Products */;
			projectDirPath = "";
			projectRoot = "";
			targets = (
				264AB41522329DC0006A0CAB /* Keys */,
			);
		};
/* End PBXProject section */

/* Begin PBXResourcesBuildPhase section */
		264AB41422329DC0006A0CAB /* Resources */ = {
			isa = PBXResourcesBuildPhase;
			buildActionMask = 2147483647;
			files = (
				264AB42422329DC1006A0CAB /* LaunchScreen.storyboard in Resources */,
				264AB42C22329E36006A0CAB /* GoogleService-Info.plist in Resources */,
				262FB0B62255B13E00D3EE3A /* EditAccountDetailsModal.xib in Resources */,
				264AB41F22329DC0006A0CAB /* Main.storyboard in Resources */,
				268118AD2249C6C400754B81 /* Images.xcassets in Resources */,
				264AE830223CA50400573D3C /* AddAccountVC.xib in Resources */,
				268B3D142249BC3E00FCB9FE /* ResetPasswordModal.xib in Resources */,
			);
			runOnlyForDeploymentPostprocessing = 0;
		};
/* End PBXResourcesBuildPhase section */

/* Begin PBXShellScriptBuildPhase section */
		5B5CAB4D29F68451364A0ED3 /* [CP] Check Pods Manifest.lock */ = {
			isa = PBXShellScriptBuildPhase;
			buildActionMask = 2147483647;
			files = (
			);
			inputPaths = (
				"${PODS_PODFILE_DIR_PATH}/Podfile.lock",
				"${PODS_ROOT}/Manifest.lock",
			);
			name = "[CP] Check Pods Manifest.lock";
			outputPaths = (
				"$(DERIVED_FILE_DIR)/Pods-Keys-checkManifestLockResult.txt",
			);
			runOnlyForDeploymentPostprocessing = 0;
			shellPath = /bin/sh;
			shellScript = "diff \"${PODS_PODFILE_DIR_PATH}/Podfile.lock\" \"${PODS_ROOT}/Manifest.lock\" > /dev/null\nif [ $? != 0 ] ; then\n    # print error to STDERR\n    echo \"error: The sandbox is not in sync with the Podfile.lock. Run 'pod install' or update your CocoaPods installation.\" >&2\n    exit 1\nfi\n# This output is used by Xcode 'outputs' to avoid re-running this script phase.\necho \"SUCCESS\" > \"${SCRIPT_OUTPUT_FILE_0}\"\n";
			showEnvVarsInLog = 0;
		};
		9EE421985E74A2453C1573B8 /* [CP] Embed Pods Frameworks */ = {
			isa = PBXShellScriptBuildPhase;
			buildActionMask = 2147483647;
			files = (
			);
			inputPaths = (
				"${SRCROOT}/Pods/Target Support Files/Pods-Keys/Pods-Keys-frameworks.sh",
				"${BUILT_PRODUCTS_DIR}/GTMSessionFetcher/GTMSessionFetcher.framework",
				"${BUILT_PRODUCTS_DIR}/GoogleUtilities/GoogleUtilities.framework",
				"${BUILT_PRODUCTS_DIR}/leveldb-library/leveldb.framework",
				"${BUILT_PRODUCTS_DIR}/nanopb/nanopb.framework",
			);
			name = "[CP] Embed Pods Frameworks";
			outputPaths = (
				"${TARGET_BUILD_DIR}/${FRAMEWORKS_FOLDER_PATH}/GTMSessionFetcher.framework",
				"${TARGET_BUILD_DIR}/${FRAMEWORKS_FOLDER_PATH}/GoogleUtilities.framework",
				"${TARGET_BUILD_DIR}/${FRAMEWORKS_FOLDER_PATH}/leveldb.framework",
				"${TARGET_BUILD_DIR}/${FRAMEWORKS_FOLDER_PATH}/nanopb.framework",
			);
			runOnlyForDeploymentPostprocessing = 0;
			shellPath = /bin/sh;
			shellScript = "\"${SRCROOT}/Pods/Target Support Files/Pods-Keys/Pods-Keys-frameworks.sh\"\n";
			showEnvVarsInLog = 0;
		};
/* End PBXShellScriptBuildPhase section */

/* Begin PBXSourcesBuildPhase section */
		264AB41222329DC0006A0CAB /* Sources */ = {
			isa = PBXSourcesBuildPhase;
			buildActionMask = 2147483647;
			files = (
				26828E86225065E0003C6FA6 /* AccountDetailsCell.swift in Sources */,
				269179A02233509000208CD8 /* LoginVC.swift in Sources */,
				26FF7AAE224D94AD0081A1B4 /* AccountDetailsVC.swift in Sources */,
				263B109B223EBDB8008C7DB7 /* AccountCell.swift in Sources */,
				2671043022345E7400BC83CC /* UserAccount.swift in Sources */,
				260E2A04223682EA0002E4AD /* UserAccountsVC.swift in Sources */,
				266BD25B223B14D90008D44D /* SignUpViewController.swift in Sources */,
				269179A52233545F00208CD8 /* RoundedBlueBtn.swift in Sources */,
				268B3D132249BC3E00FCB9FE /* ResetPasswordModal.swift in Sources */,
				264AE82F223CA50400573D3C /* AddAccountVC.swift in Sources */,
				262FB0B52255B13E00D3EE3A /* EditAccountDetailsModal.swift in Sources */,
				2641D9D2225AA87400486683 /* EditDetailsViewController.swift in Sources */,
				264AB41A22329DC0006A0CAB /* AppDelegate.swift in Sources */,
				2671042E2234198F00BC83CC /* ModalView.swift in Sources */,
				266937CD2237218A0012B13F /* Constants.swift in Sources */,
			);
			runOnlyForDeploymentPostprocessing = 0;
		};
/* End PBXSourcesBuildPhase section */

/* Begin PBXVariantGroup section */
		264AB41D22329DC0006A0CAB /* Main.storyboard */ = {
			isa = PBXVariantGroup;
			children = (
				264AB41E22329DC0006A0CAB /* Base */,
			);
			name = Main.storyboard;
			sourceTree = "<group>";
		};
		264AB42222329DC1006A0CAB /* LaunchScreen.storyboard */ = {
			isa = PBXVariantGroup;
			children = (
				264AB42322329DC1006A0CAB /* Base */,
			);
			name = LaunchScreen.storyboard;
			sourceTree = "<group>";
		};
/* End PBXVariantGroup section */

/* Begin XCBuildConfiguration section */
		264AB42622329DC1006A0CAB /* Debug */ = {
			isa = XCBuildConfiguration;
			buildSettings = {
				ALWAYS_SEARCH_USER_PATHS = NO;
				CLANG_ANALYZER_NONNULL = YES;
				CLANG_ANALYZER_NUMBER_OBJECT_CONVERSION = YES_AGGRESSIVE;
				CLANG_CXX_LANGUAGE_STANDARD = "gnu++14";
				CLANG_CXX_LIBRARY = "libc++";
				CLANG_ENABLE_MODULES = YES;
				CLANG_ENABLE_OBJC_ARC = YES;
				CLANG_ENABLE_OBJC_WEAK = YES;
				CLANG_WARN_BLOCK_CAPTURE_AUTORELEASING = YES;
				CLANG_WARN_BOOL_CONVERSION = YES;
				CLANG_WARN_COMMA = YES;
				CLANG_WARN_CONSTANT_CONVERSION = YES;
				CLANG_WARN_DEPRECATED_OBJC_IMPLEMENTATIONS = YES;
				CLANG_WARN_DIRECT_OBJC_ISA_USAGE = YES_ERROR;
				CLANG_WARN_DOCUMENTATION_COMMENTS = YES;
				CLANG_WARN_EMPTY_BODY = YES;
				CLANG_WARN_ENUM_CONVERSION = YES;
				CLANG_WARN_INFINITE_RECURSION = YES;
				CLANG_WARN_INT_CONVERSION = YES;
				CLANG_WARN_NON_LITERAL_NULL_CONVERSION = YES;
				CLANG_WARN_OBJC_IMPLICIT_RETAIN_SELF = YES;
				CLANG_WARN_OBJC_LITERAL_CONVERSION = YES;
				CLANG_WARN_OBJC_ROOT_CLASS = YES_ERROR;
				CLANG_WARN_RANGE_LOOP_ANALYSIS = YES;
				CLANG_WARN_STRICT_PROTOTYPES = YES;
				CLANG_WARN_SUSPICIOUS_MOVE = YES;
				CLANG_WARN_UNGUARDED_AVAILABILITY = YES_AGGRESSIVE;
				CLANG_WARN_UNREACHABLE_CODE = YES;
				CLANG_WARN__DUPLICATE_METHOD_MATCH = YES;
				CODE_SIGN_IDENTITY = "iPhone Developer";
				COPY_PHASE_STRIP = NO;
				DEBUG_INFORMATION_FORMAT = dwarf;
				ENABLE_STRICT_OBJC_MSGSEND = YES;
				ENABLE_TESTABILITY = YES;
				GCC_C_LANGUAGE_STANDARD = gnu11;
				GCC_DYNAMIC_NO_PIC = NO;
				GCC_NO_COMMON_BLOCKS = YES;
				GCC_OPTIMIZATION_LEVEL = 0;
				GCC_PREPROCESSOR_DEFINITIONS = (
					"DEBUG=1",
					"$(inherited)",
				);
				GCC_WARN_64_TO_32_BIT_CONVERSION = YES;
				GCC_WARN_ABOUT_RETURN_TYPE = YES_ERROR;
				GCC_WARN_UNDECLARED_SELECTOR = YES;
				GCC_WARN_UNINITIALIZED_AUTOS = YES_AGGRESSIVE;
				GCC_WARN_UNUSED_FUNCTION = YES;
				GCC_WARN_UNUSED_VARIABLE = YES;
				IPHONEOS_DEPLOYMENT_TARGET = 12.1;
				MTL_ENABLE_DEBUG_INFO = INCLUDE_SOURCE;
				MTL_FAST_MATH = YES;
				ONLY_ACTIVE_ARCH = YES;
				SDKROOT = iphoneos;
				SWIFT_ACTIVE_COMPILATION_CONDITIONS = DEBUG;
				SWIFT_OPTIMIZATION_LEVEL = "-Onone";
			};
			name = Debug;
		};
		264AB42722329DC1006A0CAB /* Release */ = {
			isa = XCBuildConfiguration;
			buildSettings = {
				ALWAYS_SEARCH_USER_PATHS = NO;
				CLANG_ANALYZER_NONNULL = YES;
				CLANG_ANALYZER_NUMBER_OBJECT_CONVERSION = YES_AGGRESSIVE;
				CLANG_CXX_LANGUAGE_STANDARD = "gnu++14";
				CLANG_CXX_LIBRARY = "libc++";
				CLANG_ENABLE_MODULES = YES;
				CLANG_ENABLE_OBJC_ARC = YES;
				CLANG_ENABLE_OBJC_WEAK = YES;
				CLANG_WARN_BLOCK_CAPTURE_AUTORELEASING = YES;
				CLANG_WARN_BOOL_CONVERSION = YES;
				CLANG_WARN_COMMA = YES;
				CLANG_WARN_CONSTANT_CONVERSION = YES;
				CLANG_WARN_DEPRECATED_OBJC_IMPLEMENTATIONS = YES;
				CLANG_WARN_DIRECT_OBJC_ISA_USAGE = YES_ERROR;
				CLANG_WARN_DOCUMENTATION_COMMENTS = YES;
				CLANG_WARN_EMPTY_BODY = YES;
				CLANG_WARN_ENUM_CONVERSION = YES;
				CLANG_WARN_INFINITE_RECURSION = YES;
				CLANG_WARN_INT_CONVERSION = YES;
				CLANG_WARN_NON_LITERAL_NULL_CONVERSION = YES;
				CLANG_WARN_OBJC_IMPLICIT_RETAIN_SELF = YES;
				CLANG_WARN_OBJC_LITERAL_CONVERSION = YES;
				CLANG_WARN_OBJC_ROOT_CLASS = YES_ERROR;
				CLANG_WARN_RANGE_LOOP_ANALYSIS = YES;
				CLANG_WARN_STRICT_PROTOTYPES = YES;
				CLANG_WARN_SUSPICIOUS_MOVE = YES;
				CLANG_WARN_UNGUARDED_AVAILABILITY = YES_AGGRESSIVE;
				CLANG_WARN_UNREACHABLE_CODE = YES;
				CLANG_WARN__DUPLICATE_METHOD_MATCH = YES;
				CODE_SIGN_IDENTITY = "iPhone Developer";
				COPY_PHASE_STRIP = NO;
				DEBUG_INFORMATION_FORMAT = "dwarf-with-dsym";
				ENABLE_NS_ASSERTIONS = NO;
				ENABLE_STRICT_OBJC_MSGSEND = YES;
				GCC_C_LANGUAGE_STANDARD = gnu11;
				GCC_NO_COMMON_BLOCKS = YES;
				GCC_WARN_64_TO_32_BIT_CONVERSION = YES;
				GCC_WARN_ABOUT_RETURN_TYPE = YES_ERROR;
				GCC_WARN_UNDECLARED_SELECTOR = YES;
				GCC_WARN_UNINITIALIZED_AUTOS = YES_AGGRESSIVE;
				GCC_WARN_UNUSED_FUNCTION = YES;
				GCC_WARN_UNUSED_VARIABLE = YES;
				IPHONEOS_DEPLOYMENT_TARGET = 12.1;
				MTL_ENABLE_DEBUG_INFO = NO;
				MTL_FAST_MATH = YES;
				SDKROOT = iphoneos;
				SWIFT_COMPILATION_MODE = wholemodule;
				SWIFT_OPTIMIZATION_LEVEL = "-O";
				VALIDATE_PRODUCT = YES;
			};
			name = Release;
		};
		264AB42922329DC1006A0CAB /* Debug */ = {
			isa = XCBuildConfiguration;
			baseConfigurationReference = A97DAF24D038D71967E8B8E3 /* Pods-Keys.debug.xcconfig */;
			buildSettings = {
				ASSETCATALOG_COMPILER_APPICON_NAME = AppIcon;
				CODE_SIGN_ENTITLEMENTS = Keys/Keys.entitlements;
				CODE_SIGN_STYLE = Automatic;
				DEVELOPMENT_TEAM = QCV468WDTL;
				INFOPLIST_FILE = Keys/Info.plist;
				LD_RUNPATH_SEARCH_PATHS = (
					"$(inherited)",
					"@executable_path/Frameworks",
				);
				PRODUCT_BUNDLE_IDENTIFIER = tech.lundy.Keys;
				PRODUCT_NAME = "$(TARGET_NAME)";
				SWIFT_VERSION = 4.2;
				TARGETED_DEVICE_FAMILY = "1,2";
			};
			name = Debug;
		};
		264AB42A22329DC1006A0CAB /* Release */ = {
			isa = XCBuildConfiguration;
			baseConfigurationReference = 131C3A8F72AC4063E02A0265 /* Pods-Keys.release.xcconfig */;
			buildSettings = {
				ASSETCATALOG_COMPILER_APPICON_NAME = AppIcon;
				CODE_SIGN_ENTITLEMENTS = Keys/Keys.entitlements;
				CODE_SIGN_STYLE = Automatic;
				DEVELOPMENT_TEAM = QCV468WDTL;
				INFOPLIST_FILE = Keys/Info.plist;
				LD_RUNPATH_SEARCH_PATHS = (
					"$(inherited)",
					"@executable_path/Frameworks",
				);
				PRODUCT_BUNDLE_IDENTIFIER = tech.lundy.Keys;
				PRODUCT_NAME = "$(TARGET_NAME)";
				SWIFT_VERSION = 4.2;
				TARGETED_DEVICE_FAMILY = "1,2";
			};
			name = Release;
		};
/* End XCBuildConfiguration section */

/* Begin XCConfigurationList section */
		264AB41122329DC0006A0CAB /* Build configuration list for PBXProject "Keys" */ = {
			isa = XCConfigurationList;
			buildConfigurations = (
				264AB42622329DC1006A0CAB /* Debug */,
				264AB42722329DC1006A0CAB /* Release */,
			);
			defaultConfigurationIsVisible = 0;
			defaultConfigurationName = Release;
		};
		264AB42822329DC1006A0CAB /* Build configuration list for PBXNativeTarget "Keys" */ = {
			isa = XCConfigurationList;
			buildConfigurations = (
				264AB42922329DC1006A0CAB /* Debug */,
				264AB42A22329DC1006A0CAB /* Release */,
			);
			defaultConfigurationIsVisible = 0;
			defaultConfigurationName = Release;
		};
/* End XCConfigurationList section */
	};
	rootObject = 264AB40E22329DC0006A0CAB /* Project object */;
}
